// !$*UTF8*$!
{
	archiveVersion = 1;
	classes = {
	};
	objectVersion = 50;
	objects = {

/* Begin PBXBuildFile section */
		F93F374323B108BD00DDB26C /* AppDelegate.swift in Sources */ = {isa = PBXBuildFile; fileRef = F93F374223B108BD00DDB26C /* AppDelegate.swift */; };
		F93F374523B108BD00DDB26C /* SceneDelegate.swift in Sources */ = {isa = PBXBuildFile; fileRef = F93F374423B108BD00DDB26C /* SceneDelegate.swift */; };
		F93F374723B108BD00DDB26C /* ViewController.swift in Sources */ = {isa = PBXBuildFile; fileRef = F93F374623B108BD00DDB26C /* ViewController.swift */; };
		F93F374A23B108BD00DDB26C /* Main.storyboard in Resources */ = {isa = PBXBuildFile; fileRef = F93F374823B108BD00DDB26C /* Main.storyboard */; };
		F93F374C23B108BE00DDB26C /* Assets.xcassets in Resources */ = {isa = PBXBuildFile; fileRef = F93F374B23B108BE00DDB26C /* Assets.xcassets */; };
		F93F374F23B108BE00DDB26C /* LaunchScreen.storyboard in Resources */ = {isa = PBXBuildFile; fileRef = F93F374D23B108BE00DDB26C /* LaunchScreen.storyboard */; };
		F93F375723B108D200DDB26C /* MaxIndexHeap.swift in Sources */ = {isa = PBXBuildFile; fileRef = F93F375623B108D200DDB26C /* MaxIndexHeap.swift */; };
		F9B8C8CE2417C17F00BFA268 /* MinHeap.swift in Sources */ = {isa = PBXBuildFile; fileRef = F9B8C8CD2417C17E00BFA268 /* MinHeap.swift */; };
		F9B8C8D02417EA4F00BFA268 /* MinIndexHeap.swift in Sources */ = {isa = PBXBuildFile; fileRef = F9B8C8CF2417EA4F00BFA268 /* MinIndexHeap.swift */; };
/* End PBXBuildFile section */

/* Begin PBXFileReference section */
		F93F373F23B108BD00DDB26C /* MaxHeap.app */ = {isa = PBXFileReference; explicitFileType = wrapper.application; includeInIndex = 0; path = MaxHeap.app; sourceTree = BUILT_PRODUCTS_DIR; };
		F93F374223B108BD00DDB26C /* AppDelegate.swift */ = {isa = PBXFileReference; lastKnownFileType = sourcecode.swift; path = AppDelegate.swift; sourceTree = "<group>"; };
		F93F374423B108BD00DDB26C /* SceneDelegate.swift */ = {isa = PBXFileReference; lastKnownFileType = sourcecode.swift; path = SceneDelegate.swift; sourceTree = "<group>"; };
		F93F374623B108BD00DDB26C /* ViewController.swift */ = {isa = PBXFileReference; lastKnownFileType = sourcecode.swift; path = ViewController.swift; sourceTree = "<group>"; };
		F93F374923B108BD00DDB26C /* Base */ = {isa = PBXFileReference; lastKnownFileType = file.storyboard; name = Base; path = Base.lproj/Main.storyboard; sourceTree = "<group>"; };
		F93F374B23B108BE00DDB26C /* Assets.xcassets */ = {isa = PBXFileReference; lastKnownFileType = folder.assetcatalog; path = Assets.xcassets; sourceTree = "<group>"; };
		F93F374E23B108BE00DDB26C /* Base */ = {isa = PBXFileReference; lastKnownFileType = file.storyboard; name = Base; path = Base.lproj/LaunchScreen.storyboard; sourceTree = "<group>"; };
		F93F375023B108BE00DDB26C /* Info.plist */ = {isa = PBXFileReference; lastKnownFileType = text.plist.xml; path = Info.plist; sourceTree = "<group>"; };
		F93F375623B108D200DDB26C /* MaxIndexHeap.swift */ = {isa = PBXFileReference; lastKnownFileType = sourcecode.swift; path = MaxIndexHeap.swift; sourceTree = "<group>"; };
		F9B8C8CD2417C17E00BFA268 /* MinHeap.swift */ = {isa = PBXFileReference; lastKnownFileType = sourcecode.swift; path = MinHeap.swift; sourceTree = "<group>"; };
		F9B8C8CF2417EA4F00BFA268 /* MinIndexHeap.swift */ = {isa = PBXFileReference; lastKnownFileType = sourcecode.swift; path = MinIndexHeap.swift; sourceTree = "<group>"; };
/* End PBXFileReference section */

/* Begin PBXFrameworksBuildPhase section */
		F93F373C23B108BD00DDB26C /* Frameworks */ = {
			isa = PBXFrameworksBuildPhase;
			buildActionMask = 2147483647;
			files = (
			);
			runOnlyForDeploymentPostprocessing = 0;
		};
/* End PBXFrameworksBuildPhase section */

/* Begin PBXGroup section */
		F93F373623B108BD00DDB26C = {
			isa = PBXGroup;
			children = (
				F93F374123B108BD00DDB26C /* MaxHeap */,
				F93F374023B108BD00DDB26C /* Products */,
			);
			sourceTree = "<group>";
		};
		F93F374023B108BD00DDB26C /* Products */ = {
			isa = PBXGroup;
			children = (
				F93F373F23B108BD00DDB26C /* MaxHeap.app */,
			);
			name = Products;
			sourceTree = "<group>";
		};
		F93F374123B108BD00DDB26C /* MaxHeap */ = {
			isa = PBXGroup;
			children = (
				F93F374223B108BD00DDB26C /* AppDelegate.swift */,
				F93F374423B108BD00DDB26C /* SceneDelegate.swift */,
				F93F374623B108BD00DDB26C /* ViewController.swift */,
				F93F374823B108BD00DDB26C /* Main.storyboard */,
				F93F374B23B108BE00DDB26C /* Assets.xcassets */,
				F93F374D23B108BE00DDB26C /* LaunchScreen.storyboard */,
				F93F375023B108BE00DDB26C /* Info.plist */,
				F93F375623B108D200DDB26C /* MaxIndexHeap.swift */,
				F9B8C8CD2417C17E00BFA268 /* MinHeap.swift */,
				F9B8C8CF2417EA4F00BFA268 /* MinIndexHeap.swift */,
			);
			path = MaxHeap;
			sourceTree = "<group>";
		};
/* End PBXGroup section */

/* Begin PBXNativeTarget section */
		F93F373E23B108BD00DDB26C /* MaxHeap */ = {
			isa = PBXNativeTarget;
			buildConfigurationList = F93F375323B108BE00DDB26C /* Build configuration list for PBXNativeTarget "MaxHeap" */;
			buildPhases = (
				F93F373B23B108BD00DDB26C /* Sources */,
				F93F373C23B108BD00DDB26C /* Frameworks */,
				F93F373D23B108BD00DDB26C /* Resources */,
			);
			buildRules = (
			);
			dependencies = (
			);
			name = MaxHeap;
			productName = MaxHeap;
			productReference = F93F373F23B108BD00DDB26C /* MaxHeap.app */;
			productType = "com.apple.product-type.application";
		};
/* End PBXNativeTarget section */

/* Begin PBXProject section */
		F93F373723B108BD00DDB26C /* Project object */ = {
			isa = PBXProject;
			attributes = {
				LastSwiftUpdateCheck = 1130;
				LastUpgradeCheck = 1130;
				ORGANIZATIONNAME = "周一见";
				TargetAttributes = {
					F93F373E23B108BD00DDB26C = {
						CreatedOnToolsVersion = 11.3;
					};
				};
			};
			buildConfigurationList = F93F373A23B108BD00DDB26C /* Build configuration list for PBXProject "MaxHeap" */;
			compatibilityVersion = "Xcode 9.3";
			developmentRegion = en;
			hasScannedForEncodings = 0;
			knownRegions = (
				en,
				Base,
			);
			mainGroup = F93F373623B108BD00DDB26C;
			productRefGroup = F93F374023B108BD00DDB26C /* Products */;
			projectDirPath = "";
			projectRoot = "";
			targets = (
				F93F373E23B108BD00DDB26C /* MaxHeap */,
			);
		};
/* End PBXProject section */

/* Begin PBXResourcesBuildPhase section */
		F93F373D23B108BD00DDB26C /* Resources */ = {
			isa = PBXResourcesBuildPhase;
			buildActionMask = 2147483647;
			files = (
				F93F374F23B108BE00DDB26C /* LaunchScreen.storyboard in Resources */,
				F93F374C23B108BE00DDB26C /* Assets.xcassets in Resources */,
				F93F374A23B108BD00DDB26C /* Main.storyboard in Resources */,
			);
			runOnlyForDeploymentPostprocessing = 0;
		};
/* End PBXResourcesBuildPhase section */

/* Begin PBXSourcesBuildPhase section */
		F93F373B23B108BD00DDB26C /* Sources */ = {
			isa = PBXSourcesBuildPhase;
			buildActionMask = 2147483647;
			files = (
				F93F375723B108D200DDB26C /* MaxIndexHeap.swift in Sources */,
				F9B8C8D02417EA4F00BFA268 /* MinIndexHeap.swift in Sources */,
				F93F374723B108BD00DDB26C /* ViewController.swift in Sources */,
				F93F374323B108BD00DDB26C /* AppDelegate.swift in Sources */,
				F9B8C8CE2417C17F00BFA268 /* MinHeap.swift in Sources */,
				F93F374523B108BD00DDB26C /* SceneDelegate.swift in Sources */,
			);
			runOnlyForDeploymentPostprocessing = 0;
		};
/* End PBXSourcesBuildPhase section */

/* Begin PBXVariantGroup section */
		F93F374823B108BD00DDB26C /* Main.storyboard */ = {
			isa = PBXVariantGroup;
			children = (
				F93F374923B108BD00DDB26C /* Base */,
			);
			name = Main.storyboard;
			sourceTree = "<group>";
		};
		F93F374D23B108BE00DDB26C /* LaunchScreen.storyboard */ = {
			isa = PBXVariantGroup;
			children = (
				F93F374E23B108BE00DDB26C /* Base */,
			);
			name = LaunchScreen.storyboard;
			sourceTree = "<group>";
		};
/* End PBXVariantGroup section */

/* Begin XCBuildConfiguration section */
		F93F375123B108BE00DDB26C /* Debug */ = {
			isa = XCBuildConfiguration;
			buildSettings = {
				ALWAYS_SEARCH_USER_PATHS = NO;
				CLANG_ANALYZER_NONNULL = YES;
				CLANG_ANALYZER_NUMBER_OBJECT_CONVERSION = YES_AGGRESSIVE;
				CLANG_CXX_LANGUAGE_STANDARD = "gnu++14";
				CLANG_CXX_LIBRARY = "libc++";
				CLANG_ENABLE_MODULES = YES;
				CLANG_ENABLE_OBJC_ARC = YES;
				CLANG_ENABLE_OBJC_WEAK = YES;
				CLANG_WARN_BLOCK_CAPTURE_AUTORELEASING = YES;
				CLANG_WARN_BOOL_CONVERSION = YES;
				CLANG_WARN_COMMA = YES;
				CLANG_WARN_CONSTANT_CONVERSION = YES;
				CLANG_WARN_DEPRECATED_OBJC_IMPLEMENTATIONS = YES;
				CLANG_WARN_DIRECT_OBJC_ISA_USAGE = YES_ERROR;
				CLANG_WARN_DOCUMENTATION_COMMENTS = YES;
				CLANG_WARN_EMPTY_BODY = YES;
				CLANG_WARN_ENUM_CONVERSION = YES;
				CLANG_WARN_INFINITE_RECURSION = YES;
				CLANG_WARN_INT_CONVERSION = YES;
				CLANG_WARN_NON_LITERAL_NULL_CONVERSION = YES;
				CLANG_WARN_OBJC_IMPLICIT_RETAIN_SELF = YES;
				CLANG_WARN_OBJC_LITERAL_CONVERSION = YES;
				CLANG_WARN_OBJC_ROOT_CLASS = YES_ERROR;
				CLANG_WARN_RANGE_LOOP_ANALYSIS = YES;
				CLANG_WARN_STRICT_PROTOTYPES = YES;
				CLANG_WARN_SUSPICIOUS_MOVE = YES;
				CLANG_WARN_UNGUARDED_AVAILABILITY = YES_AGGRESSIVE;
				CLANG_WARN_UNREACHABLE_CODE = YES;
				CLANG_WARN__DUPLICATE_METHOD_MATCH = YES;
				COPY_PHASE_STRIP = NO;
				DEBUG_INFORMATION_FORMAT = dwarf;
				ENABLE_STRICT_OBJC_MSGSEND = YES;
				ENABLE_TESTABILITY = YES;
				GCC_C_LANGUAGE_STANDARD = gnu11;
				GCC_DYNAMIC_NO_PIC = NO;
				GCC_NO_COMMON_BLOCKS = YES;
				GCC_OPTIMIZATION_LEVEL = 0;
				GCC_PREPROCESSOR_DEFINITIONS = (
					"DEBUG=1",
					"$(inherited)",
				);
				GCC_WARN_64_TO_32_BIT_CONVERSION = YES;
				GCC_WARN_ABOUT_RETURN_TYPE = YES_ERROR;
				GCC_WARN_UNDECLARED_SELECTOR = YES;
				GCC_WARN_UNINITIALIZED_AUTOS = YES_AGGRESSIVE;
				GCC_WARN_UNUSED_FUNCTION = YES;
				GCC_WARN_UNUSED_VARIABLE = YES;
				IPHONEOS_DEPLOYMENT_TARGET = 13.2;
				MTL_ENABLE_DEBUG_INFO = INCLUDE_SOURCE;
				MTL_FAST_MATH = YES;
				ONLY_ACTIVE_ARCH = YES;
				SDKROOT = iphoneos;
				SWIFT_ACTIVE_COMPILATION_CONDITIONS = DEBUG;
				SWIFT_OPTIMIZATION_LEVEL = "-Onone";
			};
			name = Debug;
		};
		F93F375223B108BE00DDB26C /* Release */ = {
			isa = XCBuildConfiguration;
			buildSettings = {
				ALWAYS_SEARCH_USER_PATHS = NO;
				CLANG_ANALYZER_NONNULL = YES;
				CLANG_ANALYZER_NUMBER_OBJECT_CONVERSION = YES_AGGRESSIVE;
				CLANG_CXX_LANGUAGE_STANDARD = "gnu++14";
				CLANG_CXX_LIBRARY = "libc++";
				CLANG_ENABLE_MODULES = YES;
				CLANG_ENABLE_OBJC_ARC = YES;
				CLANG_ENABLE_OBJC_WEAK = YES;
				CLANG_WARN_BLOCK_CAPTURE_AUTORELEASING = YES;
				CLANG_WARN_BOOL_CONVERSION = YES;
				CLANG_WARN_COMMA = YES;
				CLANG_WARN_CONSTANT_CONVERSION = YES;
				CLANG_WARN_DEPRECATED_OBJC_IMPLEMENTATIONS = YES;
				CLANG_WARN_DIRECT_OBJC_ISA_USAGE = YES_ERROR;
				CLANG_WARN_DOCUMENTATION_COMMENTS = YES;
				CLANG_WARN_EMPTY_BODY = YES;
				CLANG_WARN_ENUM_CONVERSION = YES;
				CLANG_WARN_INFINITE_RECURSION = YES;
				CLANG_WARN_INT_CONVERSION = YES;
				CLANG_WARN_NON_LITERAL_NULL_CONVERSION = YES;
				CLANG_WARN_OBJC_IMPLICIT_RETAIN_SELF = YES;
				CLANG_WARN_OBJC_LITERAL_CONVERSION = YES;
				CLANG_WARN_OBJC_ROOT_CLASS = YES_ERROR;
				CLANG_WARN_RANGE_LOOP_ANALYSIS = YES;
				CLANG_WARN_STRICT_PROTOTYPES = YES;
				CLANG_WARN_SUSPICIOUS_MOVE = YES;
				CLANG_WARN_UNGUARDED_AVAILABILITY = YES_AGGRESSIVE;
				CLANG_WARN_UNREACHABLE_CODE = YES;
				CLANG_WARN__DUPLICATE_METHOD_MATCH = YES;
				COPY_PHASE_STRIP = NO;
				DEBUG_INFORMATION_FORMAT = "dwarf-with-dsym";
				ENABLE_NS_ASSERTIONS = NO;
				ENABLE_STRICT_OBJC_MSGSEND = YES;
				GCC_C_LANGUAGE_STANDARD = gnu11;
				GCC_NO_COMMON_BLOCKS = YES;
				GCC_WARN_64_TO_32_BIT_CONVERSION = YES;
				GCC_WARN_ABOUT_RETURN_TYPE = YES_ERROR;
				GCC_WARN_UNDECLARED_SELECTOR = YES;
				GCC_WARN_UNINITIALIZED_AUTOS = YES_AGGRESSIVE;
				GCC_WARN_UNUSED_FUNCTION = YES;
				GCC_WARN_UNUSED_VARIABLE = YES;
				IPHONEOS_DEPLOYMENT_TARGET = 13.2;
				MTL_ENABLE_DEBUG_INFO = NO;
				MTL_FAST_MATH = YES;
				SDKROOT = iphoneos;
				SWIFT_COMPILATION_MODE = wholemodule;
				SWIFT_OPTIMIZATION_LEVEL = "-O";
				VALIDATE_PRODUCT = YES;
			};
			name = Release;
		};
		F93F375423B108BE00DDB26C /* Debug */ = {
			isa = XCBuildConfiguration;
			buildSettings = {
				ASSETCATALOG_COMPILER_APPICON_NAME = AppIcon;
				CODE_SIGN_STYLE = Automatic;
				DEVELOPMENT_TEAM = 24NKM32Z28;
				INFOPLIST_FILE = MaxHeap/Info.plist;
				LD_RUNPATH_SEARCH_PATHS = (
					"$(inherited)",
					"@executable_path/Frameworks",
				);
				PRODUCT_BUNDLE_IDENTIFIER = com.zhouyijian.demotest.MaxHeap;
				PRODUCT_NAME = "$(TARGET_NAME)";
				SWIFT_VERSION = 5.0;
				TARGETED_DEVICE_FAMILY = "1,2";
			};
			name = Debug;
		};
		F93F375523B108BE00DDB26C /* Release */ = {
			isa = XCBuildConfiguration;
			buildSettings = {
				ASSETCATALOG_COMPILER_APPICON_NAME = AppIcon;
				CODE_SIGN_STYLE = Automatic;
				DEVELOPMENT_TEAM = 24NKM32Z28;
				INFOPLIST_FILE = MaxHeap/Info.plist;
				LD_RUNPATH_SEARCH_PATHS = (
					"$(inherited)",
					"@executable_path/Frameworks",
				);
				PRODUCT_BUNDLE_IDENTIFIER = com.zhouyijian.demotest.MaxHeap;
				PRODUCT_NAME = "$(TARGET_NAME)";
				SWIFT_VERSION = 5.0;
				TARGETED_DEVICE_FAMILY = "1,2";
			};
			name = Release;
		};
/* End XCBuildConfiguration section */

/* Begin XCConfigurationList section */
		F93F373A23B108BD00DDB26C /* Build configuration list for PBXProject "MaxHeap" */ = {
			isa = XCConfigurationList;
			buildConfigurations = (
				F93F375123B108BE00DDB26C /* Debug */,
				F93F375223B108BE00DDB26C /* Release */,
			);
			defaultConfigurationIsVisible = 0;
			defaultConfigurationName = Release;
		};
		F93F375323B108BE00DDB26C /* Build configuration list for PBXNativeTarget "MaxHeap" */ = {
			isa = XCConfigurationList;
			buildConfigurations = (
				F93F375423B108BE00DDB26C /* Debug */,
				F93F375523B108BE00DDB26C /* Release */,
			);
			defaultConfigurationIsVisible = 0;
			defaultConfigurationName = Release;
		};
/* End XCConfigurationList section */
	};
	rootObject = F93F373723B108BD00DDB26C /* Project object */;
}
