// !$*UTF8*$!
{
	archiveVersion = 1;
	classes = {
	};
	objectVersion = 50;
	objects = {

/* Begin PBXBuildFile section */
		F90FFECE241A796E00328C1C /* MinHeap.swift in Sources */ = {isa = PBXBuildFile; fileRef = F90FFECB241A796E00328C1C /* MinHeap.swift */; };
		F90FFECF241A796E00328C1C /* MinIndexHeap.swift in Sources */ = {isa = PBXBuildFile; fileRef = F90FFECC241A796E00328C1C /* MinIndexHeap.swift */; };
		F90FFED0241A796E00328C1C /* UnionFind.swift in Sources */ = {isa = PBXBuildFile; fileRef = F90FFECD241A796E00328C1C /* UnionFind.swift */; };
		F90FFED2241A8F2600328C1C /* PrimMST.swift in Sources */ = {isa = PBXBuildFile; fileRef = F90FFED1241A8F2600328C1C /* PrimMST.swift */; };
		F930F457241BB273002714D7 /* KruskalMST.swift in Sources */ = {isa = PBXBuildFile; fileRef = F930F456241BB273002714D7 /* KruskalMST.swift */; };
		F930F45B241BCE00002714D7 /* Drjkstra.swift in Sources */ = {isa = PBXBuildFile; fileRef = F930F45A241BCE00002714D7 /* Drjkstra.swift */; };
		F98AF7CA2414AA4E00D2E989 /* AppDelegate.swift in Sources */ = {isa = PBXBuildFile; fileRef = F98AF7C92414AA4E00D2E989 /* AppDelegate.swift */; };
		F98AF7CC2414AA4E00D2E989 /* SceneDelegate.swift in Sources */ = {isa = PBXBuildFile; fileRef = F98AF7CB2414AA4E00D2E989 /* SceneDelegate.swift */; };
		F98AF7CE2414AA4E00D2E989 /* ViewController.swift in Sources */ = {isa = PBXBuildFile; fileRef = F98AF7CD2414AA4E00D2E989 /* ViewController.swift */; };
		F98AF7D12414AA4E00D2E989 /* Main.storyboard in Resources */ = {isa = PBXBuildFile; fileRef = F98AF7CF2414AA4E00D2E989 /* Main.storyboard */; };
		F98AF7D32414AA5000D2E989 /* Assets.xcassets in Resources */ = {isa = PBXBuildFile; fileRef = F98AF7D22414AA5000D2E989 /* Assets.xcassets */; };
		F98AF7D62414AA5000D2E989 /* LaunchScreen.storyboard in Resources */ = {isa = PBXBuildFile; fileRef = F98AF7D42414AA5000D2E989 /* LaunchScreen.storyboard */; };
		F98AF7DF2414ABA500D2E989 /* SpreseGraph.swift in Sources */ = {isa = PBXBuildFile; fileRef = F98AF7DD2414ABA500D2E989 /* SpreseGraph.swift */; };
		F98AF7E02414ABA500D2E989 /* DenseGraph.swift in Sources */ = {isa = PBXBuildFile; fileRef = F98AF7DE2414ABA500D2E989 /* DenseGraph.swift */; };
		F98AF7E22414ABDB00D2E989 /* Edge.swift in Sources */ = {isa = PBXBuildFile; fileRef = F98AF7E12414ABDB00D2E989 /* Edge.swift */; };
		F98AF7E42414CBEC00D2E989 /* LazyPrimMST.swift in Sources */ = {isa = PBXBuildFile; fileRef = F98AF7E32414CBEC00D2E989 /* LazyPrimMST.swift */; };
/* End PBXBuildFile section */

/* Begin PBXFileReference section */
		F90FFECB241A796E00328C1C /* MinHeap.swift */ = {isa = PBXFileReference; fileEncoding = 4; lastKnownFileType = sourcecode.swift; path = MinHeap.swift; sourceTree = "<group>"; };
		F90FFECC241A796E00328C1C /* MinIndexHeap.swift */ = {isa = PBXFileReference; fileEncoding = 4; lastKnownFileType = sourcecode.swift; path = MinIndexHeap.swift; sourceTree = "<group>"; };
		F90FFECD241A796E00328C1C /* UnionFind.swift */ = {isa = PBXFileReference; fileEncoding = 4; lastKnownFileType = sourcecode.swift; path = UnionFind.swift; sourceTree = "<group>"; };
		F90FFED1241A8F2600328C1C /* PrimMST.swift */ = {isa = PBXFileReference; lastKnownFileType = sourcecode.swift; path = PrimMST.swift; sourceTree = "<group>"; };
		F930F456241BB273002714D7 /* KruskalMST.swift */ = {isa = PBXFileReference; lastKnownFileType = sourcecode.swift; path = KruskalMST.swift; sourceTree = "<group>"; };
		F930F45A241BCE00002714D7 /* Drjkstra.swift */ = {isa = PBXFileReference; lastKnownFileType = sourcecode.swift; path = Drjkstra.swift; sourceTree = "<group>"; };
		F98AF7C62414AA4E00D2E989 /* YouQuanTu.app */ = {isa = PBXFileReference; explicitFileType = wrapper.application; includeInIndex = 0; path = YouQuanTu.app; sourceTree = BUILT_PRODUCTS_DIR; };
		F98AF7C92414AA4E00D2E989 /* AppDelegate.swift */ = {isa = PBXFileReference; lastKnownFileType = sourcecode.swift; path = AppDelegate.swift; sourceTree = "<group>"; };
		F98AF7CB2414AA4E00D2E989 /* SceneDelegate.swift */ = {isa = PBXFileReference; lastKnownFileType = sourcecode.swift; path = SceneDelegate.swift; sourceTree = "<group>"; };
		F98AF7CD2414AA4E00D2E989 /* ViewController.swift */ = {isa = PBXFileReference; lastKnownFileType = sourcecode.swift; path = ViewController.swift; sourceTree = "<group>"; };
		F98AF7D02414AA4E00D2E989 /* Base */ = {isa = PBXFileReference; lastKnownFileType = file.storyboard; name = Base; path = Base.lproj/Main.storyboard; sourceTree = "<group>"; };
		F98AF7D22414AA5000D2E989 /* Assets.xcassets */ = {isa = PBXFileReference; lastKnownFileType = folder.assetcatalog; path = Assets.xcassets; sourceTree = "<group>"; };
		F98AF7D52414AA5000D2E989 /* Base */ = {isa = PBXFileReference; lastKnownFileType = file.storyboard; name = Base; path = Base.lproj/LaunchScreen.storyboard; sourceTree = "<group>"; };
		F98AF7D72414AA5000D2E989 /* Info.plist */ = {isa = PBXFileReference; lastKnownFileType = text.plist.xml; path = Info.plist; sourceTree = "<group>"; };
		F98AF7DD2414ABA500D2E989 /* SpreseGraph.swift */ = {isa = PBXFileReference; fileEncoding = 4; lastKnownFileType = sourcecode.swift; path = SpreseGraph.swift; sourceTree = "<group>"; };
		F98AF7DE2414ABA500D2E989 /* DenseGraph.swift */ = {isa = PBXFileReference; fileEncoding = 4; lastKnownFileType = sourcecode.swift; path = DenseGraph.swift; sourceTree = "<group>"; };
		F98AF7E12414ABDB00D2E989 /* Edge.swift */ = {isa = PBXFileReference; lastKnownFileType = sourcecode.swift; path = Edge.swift; sourceTree = "<group>"; };
		F98AF7E32414CBEC00D2E989 /* LazyPrimMST.swift */ = {isa = PBXFileReference; lastKnownFileType = sourcecode.swift; path = LazyPrimMST.swift; sourceTree = "<group>"; };
/* End PBXFileReference section */

/* Begin PBXFrameworksBuildPhase section */
		F98AF7C32414AA4E00D2E989 /* Frameworks */ = {
			isa = PBXFrameworksBuildPhase;
			buildActionMask = 2147483647;
			files = (
			);
			runOnlyForDeploymentPostprocessing = 0;
		};
/* End PBXFrameworksBuildPhase section */

/* Begin PBXGroup section */
		F90FFECA241A792900328C1C /* Heap&UnionFind */ = {
			isa = PBXGroup;
			children = (
				F90FFECB241A796E00328C1C /* MinHeap.swift */,
				F90FFECC241A796E00328C1C /* MinIndexHeap.swift */,
				F90FFECD241A796E00328C1C /* UnionFind.swift */,
			);
			path = "Heap&UnionFind";
			sourceTree = "<group>";
		};
		F930F458241BCDC8002714D7 /* MST */ = {
			isa = PBXGroup;
			children = (
				F98AF7E32414CBEC00D2E989 /* LazyPrimMST.swift */,
				F90FFED1241A8F2600328C1C /* PrimMST.swift */,
				F930F456241BB273002714D7 /* KruskalMST.swift */,
			);
			path = MST;
			sourceTree = "<group>";
		};
		F930F459241BCDD4002714D7 /* ShortPath */ = {
			isa = PBXGroup;
			children = (
				F930F45A241BCE00002714D7 /* Drjkstra.swift */,
			);
			path = ShortPath;
			sourceTree = "<group>";
		};
		F98AF7BD2414AA4E00D2E989 = {
			isa = PBXGroup;
			children = (
				F98AF7C82414AA4E00D2E989 /* YouQuanTu */,
				F98AF7C72414AA4E00D2E989 /* Products */,
			);
			sourceTree = "<group>";
		};
		F98AF7C72414AA4E00D2E989 /* Products */ = {
			isa = PBXGroup;
			children = (
				F98AF7C62414AA4E00D2E989 /* YouQuanTu.app */,
			);
			name = Products;
			sourceTree = "<group>";
		};
		F98AF7C82414AA4E00D2E989 /* YouQuanTu */ = {
			isa = PBXGroup;
			children = (
				F930F459241BCDD4002714D7 /* ShortPath */,
				F930F458241BCDC8002714D7 /* MST */,
				F90FFECA241A792900328C1C /* Heap&UnionFind */,
				F98AF7E12414ABDB00D2E989 /* Edge.swift */,
				F98AF7DE2414ABA500D2E989 /* DenseGraph.swift */,
				F98AF7DD2414ABA500D2E989 /* SpreseGraph.swift */,
				F98AF7C92414AA4E00D2E989 /* AppDelegate.swift */,
				F98AF7CB2414AA4E00D2E989 /* SceneDelegate.swift */,
				F98AF7CD2414AA4E00D2E989 /* ViewController.swift */,
				F98AF7CF2414AA4E00D2E989 /* Main.storyboard */,
				F98AF7D22414AA5000D2E989 /* Assets.xcassets */,
				F98AF7D42414AA5000D2E989 /* LaunchScreen.storyboard */,
				F98AF7D72414AA5000D2E989 /* Info.plist */,
			);
			path = YouQuanTu;
			sourceTree = "<group>";
		};
/* End PBXGroup section */

/* Begin PBXNativeTarget section */
		F98AF7C52414AA4E00D2E989 /* YouQuanTu */ = {
			isa = PBXNativeTarget;
			buildConfigurationList = F98AF7DA2414AA5000D2E989 /* Build configuration list for PBXNativeTarget "YouQuanTu" */;
			buildPhases = (
				F98AF7C22414AA4E00D2E989 /* Sources */,
				F98AF7C32414AA4E00D2E989 /* Frameworks */,
				F98AF7C42414AA4E00D2E989 /* Resources */,
			);
			buildRules = (
			);
			dependencies = (
			);
			name = YouQuanTu;
			productName = YouQuanTu;
			productReference = F98AF7C62414AA4E00D2E989 /* YouQuanTu.app */;
			productType = "com.apple.product-type.application";
		};
/* End PBXNativeTarget section */

/* Begin PBXProject section */
		F98AF7BE2414AA4E00D2E989 /* Project object */ = {
			isa = PBXProject;
			attributes = {
				LastSwiftUpdateCheck = 1130;
				LastUpgradeCheck = 1130;
				ORGANIZATIONNAME = "周一见";
				TargetAttributes = {
					F98AF7C52414AA4E00D2E989 = {
						CreatedOnToolsVersion = 11.3.1;
					};
				};
			};
			buildConfigurationList = F98AF7C12414AA4E00D2E989 /* Build configuration list for PBXProject "YouQuanTu" */;
			compatibilityVersion = "Xcode 9.3";
			developmentRegion = en;
			hasScannedForEncodings = 0;
			knownRegions = (
				en,
				Base,
			);
			mainGroup = F98AF7BD2414AA4E00D2E989;
			productRefGroup = F98AF7C72414AA4E00D2E989 /* Products */;
			projectDirPath = "";
			projectRoot = "";
			targets = (
				F98AF7C52414AA4E00D2E989 /* YouQuanTu */,
			);
		};
/* End PBXProject section */

/* Begin PBXResourcesBuildPhase section */
		F98AF7C42414AA4E00D2E989 /* Resources */ = {
			isa = PBXResourcesBuildPhase;
			buildActionMask = 2147483647;
			files = (
				F98AF7D62414AA5000D2E989 /* LaunchScreen.storyboard in Resources */,
				F98AF7D32414AA5000D2E989 /* Assets.xcassets in Resources */,
				F98AF7D12414AA4E00D2E989 /* Main.storyboard in Resources */,
			);
			runOnlyForDeploymentPostprocessing = 0;
		};
/* End PBXResourcesBuildPhase section */

/* Begin PBXSourcesBuildPhase section */
		F98AF7C22414AA4E00D2E989 /* Sources */ = {
			isa = PBXSourcesBuildPhase;
			buildActionMask = 2147483647;
			files = (
				F98AF7DF2414ABA500D2E989 /* SpreseGraph.swift in Sources */,
				F98AF7E02414ABA500D2E989 /* DenseGraph.swift in Sources */,
				F90FFED2241A8F2600328C1C /* PrimMST.swift in Sources */,
				F930F45B241BCE00002714D7 /* Drjkstra.swift in Sources */,
				F90FFED0241A796E00328C1C /* UnionFind.swift in Sources */,
				F930F457241BB273002714D7 /* KruskalMST.swift in Sources */,
				F90FFECE241A796E00328C1C /* MinHeap.swift in Sources */,
				F98AF7CE2414AA4E00D2E989 /* ViewController.swift in Sources */,
				F98AF7E22414ABDB00D2E989 /* Edge.swift in Sources */,
				F98AF7CA2414AA4E00D2E989 /* AppDelegate.swift in Sources */,
				F98AF7E42414CBEC00D2E989 /* LazyPrimMST.swift in Sources */,
				F90FFECF241A796E00328C1C /* MinIndexHeap.swift in Sources */,
				F98AF7CC2414AA4E00D2E989 /* SceneDelegate.swift in Sources */,
			);
			runOnlyForDeploymentPostprocessing = 0;
		};
/* End PBXSourcesBuildPhase section */

/* Begin PBXVariantGroup section */
		F98AF7CF2414AA4E00D2E989 /* Main.storyboard */ = {
			isa = PBXVariantGroup;
			children = (
				F98AF7D02414AA4E00D2E989 /* Base */,
			);
			name = Main.storyboard;
			sourceTree = "<group>";
		};
		F98AF7D42414AA5000D2E989 /* LaunchScreen.storyboard */ = {
			isa = PBXVariantGroup;
			children = (
				F98AF7D52414AA5000D2E989 /* Base */,
			);
			name = LaunchScreen.storyboard;
			sourceTree = "<group>";
		};
/* End PBXVariantGroup section */

/* Begin XCBuildConfiguration section */
		F98AF7D82414AA5000D2E989 /* Debug */ = {
			isa = XCBuildConfiguration;
			buildSettings = {
				ALWAYS_SEARCH_USER_PATHS = NO;
				CLANG_ANALYZER_NONNULL = YES;
				CLANG_ANALYZER_NUMBER_OBJECT_CONVERSION = YES_AGGRESSIVE;
				CLANG_CXX_LANGUAGE_STANDARD = "gnu++14";
				CLANG_CXX_LIBRARY = "libc++";
				CLANG_ENABLE_MODULES = YES;
				CLANG_ENABLE_OBJC_ARC = YES;
				CLANG_ENABLE_OBJC_WEAK = YES;
				CLANG_WARN_BLOCK_CAPTURE_AUTORELEASING = YES;
				CLANG_WARN_BOOL_CONVERSION = YES;
				CLANG_WARN_COMMA = YES;
				CLANG_WARN_CONSTANT_CONVERSION = YES;
				CLANG_WARN_DEPRECATED_OBJC_IMPLEMENTATIONS = YES;
				CLANG_WARN_DIRECT_OBJC_ISA_USAGE = YES_ERROR;
				CLANG_WARN_DOCUMENTATION_COMMENTS = YES;
				CLANG_WARN_EMPTY_BODY = YES;
				CLANG_WARN_ENUM_CONVERSION = YES;
				CLANG_WARN_INFINITE_RECURSION = YES;
				CLANG_WARN_INT_CONVERSION = YES;
				CLANG_WARN_NON_LITERAL_NULL_CONVERSION = YES;
				CLANG_WARN_OBJC_IMPLICIT_RETAIN_SELF = YES;
				CLANG_WARN_OBJC_LITERAL_CONVERSION = YES;
				CLANG_WARN_OBJC_ROOT_CLASS = YES_ERROR;
				CLANG_WARN_RANGE_LOOP_ANALYSIS = YES;
				CLANG_WARN_STRICT_PROTOTYPES = YES;
				CLANG_WARN_SUSPICIOUS_MOVE = YES;
				CLANG_WARN_UNGUARDED_AVAILABILITY = YES_AGGRESSIVE;
				CLANG_WARN_UNREACHABLE_CODE = YES;
				CLANG_WARN__DUPLICATE_METHOD_MATCH = YES;
				COPY_PHASE_STRIP = NO;
				DEBUG_INFORMATION_FORMAT = dwarf;
				ENABLE_STRICT_OBJC_MSGSEND = YES;
				ENABLE_TESTABILITY = YES;
				GCC_C_LANGUAGE_STANDARD = gnu11;
				GCC_DYNAMIC_NO_PIC = NO;
				GCC_NO_COMMON_BLOCKS = YES;
				GCC_OPTIMIZATION_LEVEL = 0;
				GCC_PREPROCESSOR_DEFINITIONS = (
					"DEBUG=1",
					"$(inherited)",
				);
				GCC_WARN_64_TO_32_BIT_CONVERSION = YES;
				GCC_WARN_ABOUT_RETURN_TYPE = YES_ERROR;
				GCC_WARN_UNDECLARED_SELECTOR = YES;
				GCC_WARN_UNINITIALIZED_AUTOS = YES_AGGRESSIVE;
				GCC_WARN_UNUSED_FUNCTION = YES;
				GCC_WARN_UNUSED_VARIABLE = YES;
				IPHONEOS_DEPLOYMENT_TARGET = 13.2;
				MTL_ENABLE_DEBUG_INFO = INCLUDE_SOURCE;
				MTL_FAST_MATH = YES;
				ONLY_ACTIVE_ARCH = YES;
				SDKROOT = iphoneos;
				SWIFT_ACTIVE_COMPILATION_CONDITIONS = DEBUG;
				SWIFT_OPTIMIZATION_LEVEL = "-Onone";
			};
			name = Debug;
		};
		F98AF7D92414AA5000D2E989 /* Release */ = {
			isa = XCBuildConfiguration;
			buildSettings = {
				ALWAYS_SEARCH_USER_PATHS = NO;
				CLANG_ANALYZER_NONNULL = YES;
				CLANG_ANALYZER_NUMBER_OBJECT_CONVERSION = YES_AGGRESSIVE;
				CLANG_CXX_LANGUAGE_STANDARD = "gnu++14";
				CLANG_CXX_LIBRARY = "libc++";
				CLANG_ENABLE_MODULES = YES;
				CLANG_ENABLE_OBJC_ARC = YES;
				CLANG_ENABLE_OBJC_WEAK = YES;
				CLANG_WARN_BLOCK_CAPTURE_AUTORELEASING = YES;
				CLANG_WARN_BOOL_CONVERSION = YES;
				CLANG_WARN_COMMA = YES;
				CLANG_WARN_CONSTANT_CONVERSION = YES;
				CLANG_WARN_DEPRECATED_OBJC_IMPLEMENTATIONS = YES;
				CLANG_WARN_DIRECT_OBJC_ISA_USAGE = YES_ERROR;
				CLANG_WARN_DOCUMENTATION_COMMENTS = YES;
				CLANG_WARN_EMPTY_BODY = YES;
				CLANG_WARN_ENUM_CONVERSION = YES;
				CLANG_WARN_INFINITE_RECURSION = YES;
				CLANG_WARN_INT_CONVERSION = YES;
				CLANG_WARN_NON_LITERAL_NULL_CONVERSION = YES;
				CLANG_WARN_OBJC_IMPLICIT_RETAIN_SELF = YES;
				CLANG_WARN_OBJC_LITERAL_CONVERSION = YES;
				CLANG_WARN_OBJC_ROOT_CLASS = YES_ERROR;
				CLANG_WARN_RANGE_LOOP_ANALYSIS = YES;
				CLANG_WARN_STRICT_PROTOTYPES = YES;
				CLANG_WARN_SUSPICIOUS_MOVE = YES;
				CLANG_WARN_UNGUARDED_AVAILABILITY = YES_AGGRESSIVE;
				CLANG_WARN_UNREACHABLE_CODE = YES;
				CLANG_WARN__DUPLICATE_METHOD_MATCH = YES;
				COPY_PHASE_STRIP = NO;
				DEBUG_INFORMATION_FORMAT = "dwarf-with-dsym";
				ENABLE_NS_ASSERTIONS = NO;
				ENABLE_STRICT_OBJC_MSGSEND = YES;
				GCC_C_LANGUAGE_STANDARD = gnu11;
				GCC_NO_COMMON_BLOCKS = YES;
				GCC_WARN_64_TO_32_BIT_CONVERSION = YES;
				GCC_WARN_ABOUT_RETURN_TYPE = YES_ERROR;
				GCC_WARN_UNDECLARED_SELECTOR = YES;
				GCC_WARN_UNINITIALIZED_AUTOS = YES_AGGRESSIVE;
				GCC_WARN_UNUSED_FUNCTION = YES;
				GCC_WARN_UNUSED_VARIABLE = YES;
				IPHONEOS_DEPLOYMENT_TARGET = 13.2;
				MTL_ENABLE_DEBUG_INFO = NO;
				MTL_FAST_MATH = YES;
				SDKROOT = iphoneos;
				SWIFT_COMPILATION_MODE = wholemodule;
				SWIFT_OPTIMIZATION_LEVEL = "-O";
				VALIDATE_PRODUCT = YES;
			};
			name = Release;
		};
		F98AF7DB2414AA5000D2E989 /* Debug */ = {
			isa = XCBuildConfiguration;
			buildSettings = {
				ASSETCATALOG_COMPILER_APPICON_NAME = AppIcon;
				CODE_SIGN_STYLE = Automatic;
				DEVELOPMENT_TEAM = 24NKM32Z28;
				INFOPLIST_FILE = YouQuanTu/Info.plist;
				LD_RUNPATH_SEARCH_PATHS = (
					"$(inherited)",
					"@executable_path/Frameworks",
				);
				PRODUCT_BUNDLE_IDENTIFIER = com.zhouyijian.YouQuanTu;
				PRODUCT_NAME = "$(TARGET_NAME)";
				SWIFT_VERSION = 5.0;
				TARGETED_DEVICE_FAMILY = "1,2";
			};
			name = Debug;
		};
		F98AF7DC2414AA5000D2E989 /* Release */ = {
			isa = XCBuildConfiguration;
			buildSettings = {
				ASSETCATALOG_COMPILER_APPICON_NAME = AppIcon;
				CODE_SIGN_STYLE = Automatic;
				DEVELOPMENT_TEAM = 24NKM32Z28;
				INFOPLIST_FILE = YouQuanTu/Info.plist;
				LD_RUNPATH_SEARCH_PATHS = (
					"$(inherited)",
					"@executable_path/Frameworks",
				);
				PRODUCT_BUNDLE_IDENTIFIER = com.zhouyijian.YouQuanTu;
				PRODUCT_NAME = "$(TARGET_NAME)";
				SWIFT_VERSION = 5.0;
				TARGETED_DEVICE_FAMILY = "1,2";
			};
			name = Release;
		};
/* End XCBuildConfiguration section */

/* Begin XCConfigurationList section */
		F98AF7C12414AA4E00D2E989 /* Build configuration list for PBXProject "YouQuanTu" */ = {
			isa = XCConfigurationList;
			buildConfigurations = (
				F98AF7D82414AA5000D2E989 /* Debug */,
				F98AF7D92414AA5000D2E989 /* Release */,
			);
			defaultConfigurationIsVisible = 0;
			defaultConfigurationName = Release;
		};
		F98AF7DA2414AA5000D2E989 /* Build configuration list for PBXNativeTarget "YouQuanTu" */ = {
			isa = XCConfigurationList;
			buildConfigurations = (
				F98AF7DB2414AA5000D2E989 /* Debug */,
				F98AF7DC2414AA5000D2E989 /* Release */,
			);
			defaultConfigurationIsVisible = 0;
			defaultConfigurationName = Release;
		};
/* End XCConfigurationList section */
	};
	rootObject = F98AF7BE2414AA4E00D2E989 /* Project object */;
}
